
Microsoft Visual Studio Solution File, Format Version 12.00
# Visual Studio Version 17
VisualStudioVersion = 17.3.32825.248
MinimumVisualStudioVersion = 10.0.40219.1
Project("{FAE04EC0-301F-11D3-BF4B-00C04F79EFBC}") = "WCF_Cerveza", "WCF_Cerveza\WCF_Cerveza.csproj", "{B21030A8-E889-4C7B-A516-183E950413E9}"
EndProject
Global
	GlobalSection(SolutionConfigurationPlatforms) = preSolution
		Debug|Any CPU = Debug|Any CPU
		Release|Any CPU = Release|Any CPU
	EndGlobalSection
	GlobalSection(ProjectConfigurationPlatforms) = postSolution
		{B21030A8-E889-4C7B-A516-183E950413E9}.Debug|Any CPU.ActiveCfg = Debug|Any CPU
		{B21030A8-E889-4C7B-A516-183E950413E9}.Debug|Any CPU.Build.0 = Debug|Any CPU
		{B21030A8-E889-4C7B-A516-183E950413E9}.Release|Any CPU.ActiveCfg = Release|Any CPU
		{B21030A8-E889-4C7B-A516-183E950413E9}.Release|Any CPU.Build.0 = Release|Any CPU
	EndGlobalSection
	GlobalSection(SolutionProperties) = preSolution
		HideSolutionNode = FALSE
	EndGlobalSection
	GlobalSection(ExtensibilityGlobals) = postSolution
		SolutionGuid = {568AB7EA-C282-47C8-B23D-B233FEF4B7E4}
	EndGlobalSection
EndGlobal
